{
  "nodes": {
    "nixpkgs": {
      "locked": {
        "lastModified": 1729293261,
        "narHash": "sha256-8H7Pvnnm0/ersU4MEbh38TTMfpA9Dt6jl27OiONEIMc=",
        "owner": "NixOS",
        "repo": "nixpkgs",
        "rev": "c47f552fc39b4cd1b9d611bf6fe197f6e2274f1a",
        "type": "github"
      },
      "original": {
        "owner": "NixOS",
        "repo": "nixpkgs",
        "type": "github"
      }
    },
    "nixpkgs_2": {
      "locked": {
        "lastModified": 1728538411,
        "narHash": "sha256-f0SBJz1eZ2yOuKUr5CA9BHULGXVSn6miBuUWdTyhUhU=",
        "owner": "NixOS",
        "repo": "nixpkgs",
        "rev": "b69de56fac8c2b6f8fd27f2eca01dcda8e0a4221",
        "type": "github"
      },
      "original": {
        "owner": "NixOS",
        "ref": "nixpkgs-unstable",
        "repo": "nixpkgs",
        "type": "github"
      }
    },
    "root": {
      "inputs": {
        "nixpkgs": "nixpkgs",
        "rust-overlay": "rust-overlay"
      }
    },
    "rust-overlay": {
      "inputs": {
        "nixpkgs": "nixpkgs_2"
      },
      "locked": {
        "lastModified": 1729218602,
        "narHash": "sha256-KDmYxpkFWa0Go0WnOpkgQOypVaQxbwgpEutET5ey1VQ=",
        "owner": "oxalica",
        "repo": "rust-overlay",
        "rev": "9051466c82b9b3a6ba9e06be99621ad25423ec94",
        "type": "github"
      },
      "original": {
        "owner": "oxalica",
        "repo": "rust-overlay",
        "type": "github"
      }
    }
  },
  "root": "root",
  "version": 7
}
