{
  "nodes": {
    "nixpkgs": {
      "locked": {
        "lastModified": 1743488413,
        "narHash": "sha256-ZpuznyJf2oBJOrQ14nYn+UHJNgNif4QIwQ83FFxHaOM=",
        "owner": "NixOS",
        "repo": "nixpkgs",
        "rev": "d2e19a0277fbed91fac2f5c0539eff5d175fe104",
        "type": "github"
      },
      "original": {
        "owner": "NixOS",
        "repo": "nixpkgs",
        "type": "github"
      }
    },
    "nixpkgs_2": {
      "locked": {
        "lastModified": 1736320768,
        "narHash": "sha256-nIYdTAiKIGnFNugbomgBJR+Xv5F1ZQU+HfaBqJKroC0=",
        "owner": "NixOS",
        "repo": "nixpkgs",
        "rev": "4bc9c909d9ac828a039f288cf872d16d38185db8",
        "type": "github"
      },
      "original": {
        "owner": "NixOS",
        "ref": "nixpkgs-unstable",
        "repo": "nixpkgs",
        "type": "github"
      }
    },
    "root": {
      "inputs": {
        "nixpkgs": "nixpkgs",
        "rust-overlay": "rust-overlay"
      }
    },
    "rust-overlay": {
      "inputs": {
        "nixpkgs": "nixpkgs_2"
      },
      "locked": {
        "lastModified": 1743475035,
        "narHash": "sha256-uLjVsb4Rxnp1zmFdPCDmdODd4RY6ETOeRj0IkC0ij/4=",
        "owner": "oxalica",
        "repo": "rust-overlay",
        "rev": "bee11c51c2cda3ac57c9e0149d94b86cc1b00d13",
        "type": "github"
      },
      "original": {
        "owner": "oxalica",
        "repo": "rust-overlay",
        "type": "github"
      }
    }
  },
  "root": "root",
  "version": 7
}
